
Microsoft Visual Studio Solution File, Format Version 12.00
# Visual Studio Version 16
VisualStudioVersion = 16.0.31729.503
MinimumVisualStudioVersion = 10.0.40219.1
Project("{8BC9CEB8-8B4A-11D0-8D11-00A0C91BC942}") = "tut7", "tut7.vcxproj", "{2E81131E-6E77-4611-A84D-1C4A9EEA1366}"
EndProject
Global
	GlobalSection(SolutionConfigurationPlatforms) = preSolution
		Debug|x64 = Debug|x64
		Debug|x86 = Debug|x86
		Release|x64 = Release|x64
		Release|x86 = Release|x86
	EndGlobalSection
	GlobalSection(ProjectConfigurationPlatforms) = postSolution
		{2E81131E-6E77-4611-A84D-1C4A9EEA1366}.Debug|x64.ActiveCfg = Debug|x64
		{2E81131E-6E77-4611-A84D-1C4A9EEA1366}.Debug|x64.Build.0 = Debug|x64
		{2E81131E-6E77-4611-A84D-1C4A9EEA1366}.Debug|x86.ActiveCfg = Debug|Win32
		{2E81131E-6E77-4611-A84D-1C4A9EEA1366}.Debug|x86.Build.0 = Debug|Win32
		{2E81131E-6E77-4611-A84D-1C4A9EEA1366}.Release|x64.ActiveCfg = Release|x64
		{2E81131E-6E77-4611-A84D-1C4A9EEA1366}.Release|x64.Build.0 = Release|x64
		{2E81131E-6E77-4611-A84D-1C4A9EEA1366}.Release|x86.ActiveCfg = Release|Win32
		{2E81131E-6E77-4611-A84D-1C4A9EEA1366}.Release|x86.Build.0 = Release|Win32
	EndGlobalSection
	GlobalSection(SolutionProperties) = preSolution
		HideSolutionNode = FALSE
	EndGlobalSection
	GlobalSection(ExtensibilityGlobals) = postSolution
		SolutionGuid = {956B3EA0-A527-45BA-921D-4B8689873E73}
	EndGlobalSection
EndGlobal
